
Microsoft Visual Studio Solution File, Format Version 12.00
# Visual Studio Version 16
VisualStudioVersion = 16.0.32510.428
MinimumVisualStudioVersion = 10.0.40219.1
Project("{FAE04EC0-301F-11D3-BF4B-00C04F79EFBC}") = "composition3-csharp", "composition3-csharp\composition3-csharp.csproj", "{B5B7AA80-CAA7-4EE0-9A5C-662763C1E69C}"
EndProject
Global
	GlobalSection(SolutionConfigurationPlatforms) = preSolution
		Debug|Any CPU = Debug|Any CPU
		Release|Any CPU = Release|Any CPU
	EndGlobalSection
	GlobalSection(ProjectConfigurationPlatforms) = postSolution
		{B5B7AA80-CAA7-4EE0-9A5C-662763C1E69C}.Debug|Any CPU.ActiveCfg = Debug|Any CPU
		{B5B7AA80-CAA7-4EE0-9A5C-662763C1E69C}.Debug|Any CPU.Build.0 = Debug|Any CPU
		{B5B7AA80-CAA7-4EE0-9A5C-662763C1E69C}.Release|Any CPU.ActiveCfg = Release|Any CPU
		{B5B7AA80-CAA7-4EE0-9A5C-662763C1E69C}.Release|Any CPU.Build.0 = Release|Any CPU
	EndGlobalSection
	GlobalSection(SolutionProperties) = preSolution
		HideSolutionNode = FALSE
	EndGlobalSection
	GlobalSection(ExtensibilityGlobals) = postSolution
		SolutionGuid = {65122271-8CC0-4834-AF8E-A916BF4B2DFB}
	EndGlobalSection
EndGlobal
